
Microsoft Visual Studio Solution File, Format Version 12.00
# Visual Studio Version 17
VisualStudioVersion = 17.0.31919.166
MinimumVisualStudioVersion = 10.0.40219.1
Project("{9A19103F-16F7-4668-BE54-9A1E7A4F7556}") = "TestAPI", ".\TestAPI\TestAPI.csproj", "{27324040-7130-4902-880F-23ACD529925F}"
EndProject
Project("{FAE04EC0-301F-11D3-BF4B-00C04F79EFBC}") = "TestAPITest", ".\TestAPITest\TestAPITest.csproj", "{912DB5A3-68F7-4D73-8954-118FFE64E757}"
EndProject
Global
	GlobalSection(SolutionConfigurationPlatforms) = preSolution
		Debug|Any CPU = Debug|Any CPU
		Release|Any CPU = Release|Any CPU
	EndGlobalSection
	GlobalSection(ProjectConfigurationPlatforms) = postSolution
		{27324040-7130-4902-880F-23ACD529925F}.Debug|Any CPU.ActiveCfg = Debug|Any CPU
		{27324040-7130-4902-880F-23ACD529925F}.Debug|Any CPU.Build.0 = Debug|Any CPU
		{27324040-7130-4902-880F-23ACD529925F}.Release|Any CPU.ActiveCfg = Release|Any CPU
		{27324040-7130-4902-880F-23ACD529925F}.Release|Any CPU.Build.0 = Release|Any CPU
		{912DB5A3-68F7-4D73-8954-118FFE64E757}.Debug|Any CPU.ActiveCfg = Debug|Any CPU
		{912DB5A3-68F7-4D73-8954-118FFE64E757}.Debug|Any CPU.Build.0 = Debug|Any CPU
		{912DB5A3-68F7-4D73-8954-118FFE64E757}.Release|Any CPU.ActiveCfg = Release|Any CPU
		{912DB5A3-68F7-4D73-8954-118FFE64E757}.Release|Any CPU.Build.0 = Release|Any CPU
	EndGlobalSection
	GlobalSection(SolutionProperties) = preSolution
		HideSolutionNode = FALSE
	EndGlobalSection
	GlobalSection(ExtensibilityGlobals) = postSolution
		SolutionGuid = {54F6A30E-A3D7-41B8-AA73-750B82B2953D}
	EndGlobalSection
EndGlobal
